
Microsoft Visual Studio Solution File, Format Version 12.00
# Visual Studio 14
VisualStudioVersion = 14.0.23107.0
MinimumVisualStudioVersion = 10.0.40219.1
Project("{FAE04EC0-301F-11D3-BF4B-00C04F79EFBC}") = "BombermanServer", "BombermanServer\BombermanServer.csproj", "{7743304D-D21E-44AB-92DF-D85863FA023C}"
EndProject
Project("{FAE04EC0-301F-11D3-BF4B-00C04F79EFBC}") = "BombermanClient", "BombermanClient\BombermanClient.csproj", "{8993E94B-8AA8-4E0C-BE02-159CAC00B381}"
EndProject
Project("{2150E333-8FDC-42A3-9474-1A3956D46DE8}") = "Common", "Common", "{92FEFFAB-38BF-4197-9157-15503BA21B28}"
EndProject
Project("{2150E333-8FDC-42A3-9474-1A3956D46DE8}") = "Solution Items", "Solution Items", "{0C624D29-337F-4447-89EA-31E25A2FA18B}"
	ProjectSection(SolutionItems) = preProject
		..\..\..\OneDrive\Documents\BombermanDesign.pptx = ..\..\..\OneDrive\Documents\BombermanDesign.pptx
		README.txt = README.txt
	EndProjectSection
EndProject
Project("{FAE04EC0-301F-11D3-BF4B-00C04F79EFBC}") = "BombermanObjects", "BombermanObjects\BombermanObjects.csproj", "{77C19255-23E8-4224-9AE7-A4BBCD38CD90}"
EndProject
Project("{2150E333-8FDC-42A3-9474-1A3956D46DE8}") = "Tests", "Tests", "{B0643189-FCFB-40F0-BCBE-E1B100676B5F}"
EndProject
Project("{FAE04EC0-301F-11D3-BF4B-00C04F79EFBC}") = "BombermanTests", "BombermanTests\BombermanTests.csproj", "{CE24BED0-51A0-4660-A6CA-64CF2B91836D}"
EndProject
Project("{FAE04EC0-301F-11D3-BF4B-00C04F79EFBC}") = "BombermanEvents", "BombermanEvents\BombermanEvents.csproj", "{FDD775FB-D558-4D75-B1D0-78A593DEE128}"
EndProject
Global
	GlobalSection(SolutionConfigurationPlatforms) = preSolution
		Debug|Any CPU = Debug|Any CPU
		Release|Any CPU = Release|Any CPU
	EndGlobalSection
	GlobalSection(ProjectConfigurationPlatforms) = postSolution
		{7743304D-D21E-44AB-92DF-D85863FA023C}.Debug|Any CPU.ActiveCfg = Debug|Any CPU
		{7743304D-D21E-44AB-92DF-D85863FA023C}.Debug|Any CPU.Build.0 = Debug|Any CPU
		{7743304D-D21E-44AB-92DF-D85863FA023C}.Release|Any CPU.ActiveCfg = Release|Any CPU
		{7743304D-D21E-44AB-92DF-D85863FA023C}.Release|Any CPU.Build.0 = Release|Any CPU
		{8993E94B-8AA8-4E0C-BE02-159CAC00B381}.Debug|Any CPU.ActiveCfg = Debug|Any CPU
		{8993E94B-8AA8-4E0C-BE02-159CAC00B381}.Debug|Any CPU.Build.0 = Debug|Any CPU
		{8993E94B-8AA8-4E0C-BE02-159CAC00B381}.Release|Any CPU.ActiveCfg = Release|Any CPU
		{8993E94B-8AA8-4E0C-BE02-159CAC00B381}.Release|Any CPU.Build.0 = Release|Any CPU
		{77C19255-23E8-4224-9AE7-A4BBCD38CD90}.Debug|Any CPU.ActiveCfg = Debug|Any CPU
		{77C19255-23E8-4224-9AE7-A4BBCD38CD90}.Debug|Any CPU.Build.0 = Debug|Any CPU
		{77C19255-23E8-4224-9AE7-A4BBCD38CD90}.Release|Any CPU.ActiveCfg = Release|Any CPU
		{77C19255-23E8-4224-9AE7-A4BBCD38CD90}.Release|Any CPU.Build.0 = Release|Any CPU
		{CE24BED0-51A0-4660-A6CA-64CF2B91836D}.Debug|Any CPU.ActiveCfg = Debug|Any CPU
		{CE24BED0-51A0-4660-A6CA-64CF2B91836D}.Debug|Any CPU.Build.0 = Debug|Any CPU
		{CE24BED0-51A0-4660-A6CA-64CF2B91836D}.Release|Any CPU.ActiveCfg = Release|Any CPU
		{CE24BED0-51A0-4660-A6CA-64CF2B91836D}.Release|Any CPU.Build.0 = Release|Any CPU
		{FDD775FB-D558-4D75-B1D0-78A593DEE128}.Debug|Any CPU.ActiveCfg = Debug|Any CPU
		{FDD775FB-D558-4D75-B1D0-78A593DEE128}.Debug|Any CPU.Build.0 = Debug|Any CPU
		{FDD775FB-D558-4D75-B1D0-78A593DEE128}.Release|Any CPU.ActiveCfg = Release|Any CPU
		{FDD775FB-D558-4D75-B1D0-78A593DEE128}.Release|Any CPU.Build.0 = Release|Any CPU
	EndGlobalSection
	GlobalSection(SolutionProperties) = preSolution
		HideSolutionNode = FALSE
	EndGlobalSection
	GlobalSection(NestedProjects) = preSolution
		{77C19255-23E8-4224-9AE7-A4BBCD38CD90} = {92FEFFAB-38BF-4197-9157-15503BA21B28}
		{CE24BED0-51A0-4660-A6CA-64CF2B91836D} = {B0643189-FCFB-40F0-BCBE-E1B100676B5F}
		{FDD775FB-D558-4D75-B1D0-78A593DEE128} = {92FEFFAB-38BF-4197-9157-15503BA21B28}
	EndGlobalSection
EndGlobal
